
Microsoft Visual Studio Solution File, Format Version 12.00
# Visual Studio Version 17
VisualStudioVersion = 17.14.36109.1 d17.14
MinimumVisualStudioVersion = 10.0.40219.1
Project("{FAE04EC0-301F-11D3-BF4B-00C04F79EFBC}") = "S25W2IntroToClasses", "S25W2IntroToClasses\S25W2IntroToClasses.csproj", "{5C597162-1B76-4ADD-8220-2FD70DB97C4E}"
EndProject
Global
	GlobalSection(SolutionConfigurationPlatforms) = preSolution
		Debug|Any CPU = Debug|Any CPU
		Release|Any CPU = Release|Any CPU
	EndGlobalSection
	GlobalSection(ProjectConfigurationPlatforms) = postSolution
		{5C597162-1B76-4ADD-8220-2FD70DB97C4E}.Debug|Any CPU.ActiveCfg = Debug|Any CPU
		{5C597162-1B76-4ADD-8220-2FD70DB97C4E}.Debug|Any CPU.Build.0 = Debug|Any CPU
		{5C597162-1B76-4ADD-8220-2FD70DB97C4E}.Release|Any CPU.ActiveCfg = Release|Any CPU
		{5C597162-1B76-4ADD-8220-2FD70DB97C4E}.Release|Any CPU.Build.0 = Release|Any CPU
	EndGlobalSection
	GlobalSection(SolutionProperties) = preSolution
		HideSolutionNode = FALSE
	EndGlobalSection
	GlobalSection(ExtensibilityGlobals) = postSolution
		SolutionGuid = {37A801BB-4648-4579-BE27-89E0A04C0EFE}
	EndGlobalSection
EndGlobal
